
Microsoft Visual Studio Solution File, Format Version 12.00
Project("{2150E333-8FDC-42A3-9474-1A3956D46DE8}") = "src", "src", "{AF389725-4D2E-4953-BE7F-B1431BE8BE94}"
EndProject
Project("{2150E333-8FDC-42A3-9474-1A3956D46DE8}") = "test", "test", "{2805CB2D-0571-4C0C-B351-523FF2720DA4}"
EndProject
Project("{2150E333-8FDC-42A3-9474-1A3956D46DE8}") = "common", "common", "{86FE7AB9-3EA0-48C1-9647-313E2C533D77}"
	ProjectSection(SolutionItems) = preProject
		.gitignore = .gitignore
		README.md = README.md
	EndProjectSection
EndProject
Project("{2150E333-8FDC-42A3-9474-1A3956D46DE8}") = "OrderService", "OrderService", "{2C10E1B1-2758-441B-BAF1-E1B62CA5E618}"
EndProject
Project("{FAE04EC0-301F-11D3-BF4B-00C04F79EFBC}") = "OrderService", "src\OrderService\OrderService\OrderService.csproj", "{8FB37BDF-FDE8-46AF-A189-62A0ABF23EA1}"
EndProject
Project("{2150E333-8FDC-42A3-9474-1A3956D46DE8}") = "Application", "Application", "{5F4BD923-F4C6-4680-A658-22187D281CCC}"
EndProject
Project("{FAE04EC0-301F-11D3-BF4B-00C04F79EFBC}") = "OrderService.Application.Models", "src\Application\OrderService.Application.Models\OrderService.Application.Models.csproj", "{F6F7CB8F-0990-46B3-82AF-EA64F12FF347}"
EndProject
Project("{FAE04EC0-301F-11D3-BF4B-00C04F79EFBC}") = "OrderService.Application", "src\Application\OrderService.Application\OrderService.Application.csproj", "{91308183-F0DF-42C7-AEDC-77AB0481D5D6}"
EndProject
Project("{FAE04EC0-301F-11D3-BF4B-00C04F79EFBC}") = "OrderService.Application.Contracts", "src\Application\OrderService.Application.Contracts\OrderService.Application.Contracts.csproj", "{328AF017-7BB9-476E-95B1-70FFF629815C}"
EndProject
Project("{FAE04EC0-301F-11D3-BF4B-00C04F79EFBC}") = "OrderService.Application.Abstractions", "src\Application\OrderService.Application.Abstractions\OrderService.Application.Abstractions.csproj", "{6FC470A3-05F8-4DD4-AF1E-1CD1A256FB44}"
EndProject
Project("{2150E333-8FDC-42A3-9474-1A3956D46DE8}") = "Presentation", "Presentation", "{1F007C6A-69E3-497C-B6C5-3130BFB7262D}"
EndProject
Project("{FAE04EC0-301F-11D3-BF4B-00C04F79EFBC}") = "OrderService.Presentation.Controllers", "src\Presentation\OrderService.Presentation.Controllers\OrderService.Presentation.Controllers.csproj", "{953C083F-130E-48C0-8B27-9EB6054E70E9}"
EndProject
Project("{2150E333-8FDC-42A3-9474-1A3956D46DE8}") = "Infrastructure", "Infrastructure", "{3ABC571D-30FC-442C-9618-1C561C1DC948}"
EndProject
Project("{FAE04EC0-301F-11D3-BF4B-00C04F79EFBC}") = "OrderService.Infrastructure.Persistence", "src\Infrastructure\OrderService.Infrastructure.Persistence\OrderService.Infrastructure.Persistence.csproj", "{07D9D0AA-114F-47C6-B6BC-3FAD3F3D8ADA}"
EndProject
Project("{2150E333-8FDC-42A3-9474-1A3956D46DE8}") = "Common", "Common", "{1E41DA30-3BED-4D84-9F4A-E25E600B3750}"
	ProjectSection(SolutionItems) = preProject
		Directory.Packages.props = Directory.Packages.props
	EndProjectSection
EndProject
Global
	GlobalSection(SolutionConfigurationPlatforms) = preSolution
		Debug|Any CPU = Debug|Any CPU
		Release|Any CPU = Release|Any CPU
	EndGlobalSection
	GlobalSection(NestedProjects) = preSolution
		{2C10E1B1-2758-441B-BAF1-E1B62CA5E618} = {AF389725-4D2E-4953-BE7F-B1431BE8BE94}
		{8FB37BDF-FDE8-46AF-A189-62A0ABF23EA1} = {2C10E1B1-2758-441B-BAF1-E1B62CA5E618}
		{5F4BD923-F4C6-4680-A658-22187D281CCC} = {2C10E1B1-2758-441B-BAF1-E1B62CA5E618}
		{F6F7CB8F-0990-46B3-82AF-EA64F12FF347} = {5F4BD923-F4C6-4680-A658-22187D281CCC}
		{91308183-F0DF-42C7-AEDC-77AB0481D5D6} = {5F4BD923-F4C6-4680-A658-22187D281CCC}
		{328AF017-7BB9-476E-95B1-70FFF629815C} = {5F4BD923-F4C6-4680-A658-22187D281CCC}
		{6FC470A3-05F8-4DD4-AF1E-1CD1A256FB44} = {5F4BD923-F4C6-4680-A658-22187D281CCC}
		{1F007C6A-69E3-497C-B6C5-3130BFB7262D} = {2C10E1B1-2758-441B-BAF1-E1B62CA5E618}
		{953C083F-130E-48C0-8B27-9EB6054E70E9} = {1F007C6A-69E3-497C-B6C5-3130BFB7262D}
		{3ABC571D-30FC-442C-9618-1C561C1DC948} = {2C10E1B1-2758-441B-BAF1-E1B62CA5E618}
		{07D9D0AA-114F-47C6-B6BC-3FAD3F3D8ADA} = {3ABC571D-30FC-442C-9618-1C561C1DC948}
		{1E41DA30-3BED-4D84-9F4A-E25E600B3750} = {2C10E1B1-2758-441B-BAF1-E1B62CA5E618}
	EndGlobalSection
	GlobalSection(ProjectConfigurationPlatforms) = postSolution
		{8FB37BDF-FDE8-46AF-A189-62A0ABF23EA1}.Debug|Any CPU.ActiveCfg = Debug|Any CPU
		{8FB37BDF-FDE8-46AF-A189-62A0ABF23EA1}.Debug|Any CPU.Build.0 = Debug|Any CPU
		{8FB37BDF-FDE8-46AF-A189-62A0ABF23EA1}.Release|Any CPU.ActiveCfg = Release|Any CPU
		{8FB37BDF-FDE8-46AF-A189-62A0ABF23EA1}.Release|Any CPU.Build.0 = Release|Any CPU
		{F6F7CB8F-0990-46B3-82AF-EA64F12FF347}.Debug|Any CPU.ActiveCfg = Debug|Any CPU
		{F6F7CB8F-0990-46B3-82AF-EA64F12FF347}.Debug|Any CPU.Build.0 = Debug|Any CPU
		{F6F7CB8F-0990-46B3-82AF-EA64F12FF347}.Release|Any CPU.ActiveCfg = Release|Any CPU
		{F6F7CB8F-0990-46B3-82AF-EA64F12FF347}.Release|Any CPU.Build.0 = Release|Any CPU
		{91308183-F0DF-42C7-AEDC-77AB0481D5D6}.Debug|Any CPU.ActiveCfg = Debug|Any CPU
		{91308183-F0DF-42C7-AEDC-77AB0481D5D6}.Debug|Any CPU.Build.0 = Debug|Any CPU
		{91308183-F0DF-42C7-AEDC-77AB0481D5D6}.Release|Any CPU.ActiveCfg = Release|Any CPU
		{91308183-F0DF-42C7-AEDC-77AB0481D5D6}.Release|Any CPU.Build.0 = Release|Any CPU
		{328AF017-7BB9-476E-95B1-70FFF629815C}.Debug|Any CPU.ActiveCfg = Debug|Any CPU
		{328AF017-7BB9-476E-95B1-70FFF629815C}.Debug|Any CPU.Build.0 = Debug|Any CPU
		{328AF017-7BB9-476E-95B1-70FFF629815C}.Release|Any CPU.ActiveCfg = Release|Any CPU
		{328AF017-7BB9-476E-95B1-70FFF629815C}.Release|Any CPU.Build.0 = Release|Any CPU
		{6FC470A3-05F8-4DD4-AF1E-1CD1A256FB44}.Debug|Any CPU.ActiveCfg = Debug|Any CPU
		{6FC470A3-05F8-4DD4-AF1E-1CD1A256FB44}.Debug|Any CPU.Build.0 = Debug|Any CPU
		{6FC470A3-05F8-4DD4-AF1E-1CD1A256FB44}.Release|Any CPU.ActiveCfg = Release|Any CPU
		{6FC470A3-05F8-4DD4-AF1E-1CD1A256FB44}.Release|Any CPU.Build.0 = Release|Any CPU
		{953C083F-130E-48C0-8B27-9EB6054E70E9}.Debug|Any CPU.ActiveCfg = Debug|Any CPU
		{953C083F-130E-48C0-8B27-9EB6054E70E9}.Debug|Any CPU.Build.0 = Debug|Any CPU
		{953C083F-130E-48C0-8B27-9EB6054E70E9}.Release|Any CPU.ActiveCfg = Release|Any CPU
		{953C083F-130E-48C0-8B27-9EB6054E70E9}.Release|Any CPU.Build.0 = Release|Any CPU
		{07D9D0AA-114F-47C6-B6BC-3FAD3F3D8ADA}.Debug|Any CPU.ActiveCfg = Debug|Any CPU
		{07D9D0AA-114F-47C6-B6BC-3FAD3F3D8ADA}.Debug|Any CPU.Build.0 = Debug|Any CPU
		{07D9D0AA-114F-47C6-B6BC-3FAD3F3D8ADA}.Release|Any CPU.ActiveCfg = Release|Any CPU
		{07D9D0AA-114F-47C6-B6BC-3FAD3F3D8ADA}.Release|Any CPU.Build.0 = Release|Any CPU
	EndGlobalSection
EndGlobal
